{
  "version": 4,
  "terraform_version": "0.12.10",
  "serial": 8,
  "lineage": "c7b03e4b-584f-faab-4ed0-993acfe12dba",
  "outputs": {},
  "resources": [
    {
      "mode": "managed",
      "type": "random_id",
      "name": "instance_id",
      "provider": "provider.random",
      "instances": [
        {
          "schema_version": 0,
          "attributes": {
            "b64_std": "yYuCXqAmBUI=",
            "b64_url": "yYuCXqAmBUI",
            "byte_length": 8,
            "dec": "14522844766311679298",
            "hex": "c98b825ea0260542",
            "id": "yYuCXqAmBUI",
            "keepers": null,
            "prefix": null
          },
          "private": "bnVsbA=="
        }
      ]
    }
  ]
}
